<Solution>
  <Folder Name="/Tools/">
    <File Path="Tools/README.md" />
    <Project Path="src/Tools/PowerShell.TestAdapter/PowerShell.TestAdapter.csproj" />
    <Project Path="src/Tools/PrtgAPI.CodeGenerator/PrtgAPIv17.CodeGenerator.csproj" />
  </Folder>
  <Project Path="src/PrtgAPI.PowerShell/PrtgAPIv17.PowerShell.csproj" />
  <Project Path="src/PrtgAPI.Tests.IntegrationTests/PrtgAPIv17.Tests.IntegrationTests.csproj" />
  <Project Path="src/PrtgAPI.Tests.UnitTests/PrtgAPIv17.Tests.UnitTests.csproj" />
  <Project Path="src/PrtgAPI/PrtgAPIv17.csproj">
    <BuildDependency Project="src/Tools/PrtgAPI.CodeGenerator/PrtgAPIv17.CodeGenerator.csproj" />
  </Project>
</Solution>
